<?xml version="1.0" encoding="utf-8"?>
<Project ToolsVersion="4.0" xmlns="http://schemas.microsoft.com/developer/msbuild/2003">
  <ItemGroup>
    <ClCompile Include="..\..\src\Simd\SimdEnable.cpp">
      <Filter>Sys</Filter>
    </ClCompile>
    <ClCompile Include="..\..\src\Simd\SimdBgraToBgr.cpp">
      <Filter>Alg</Filter>
    </ClCompile>
    <ClCompile Include="..\..\src\Simd\SimdBgraToGray.cpp">
      <Filter>Alg</Filter>
    </ClCompile>
    <ClCompile Include="..\..\src\Simd\SimdBgrToBgra.cpp">
      <Filter>Alg</Filter>
    </ClCompile>
    <ClCompile Include="..\..\src\Simd\SimdBgrToGray.cpp">
      <Filter>Alg</Filter>
    </ClCompile>
    <ClCompile Include="..\..\src\Simd\SimdCrc32.cpp">
      <Filter>Alg</Filter>
    </ClCompile>
    <ClCompile Include="..\..\src\Simd\SimdInterleaveBgra.cpp">
      <Filter>Alg</Filter>
    </ClCompile>
    <ClCompile Include="..\..\src\Simd\SimdReduceGray2x2.cpp">
      <Filter>Alg</Filter>
    </ClCompile>
    <ClCompile Include="..\..\src\Simd\SimdReduceGray3x3.cpp">
      <Filter>Alg</Filter>
    </ClCompile>
    <ClCompile Include="..\..\src\Simd\SimdReduceGray4x4.cpp">
      <Filter>Alg</Filter>
    </ClCompile>
    <ClCompile Include="..\..\src\Simd\SimdReduceGray5x5.cpp">
      <Filter>Alg</Filter>
    </ClCompile>
    <ClCompile Include="..\..\src\Simd\SimdResizeBilinear.cpp">
      <Filter>Alg</Filter>
    </ClCompile>
    <ClCompile Include="..\..\src\Simd\SimdSquaredDifferenceSum.cpp">
      <Filter>Alg</Filter>
    </ClCompile>
    <ClCompile Include="..\..\src\Simd\SimdYuvToBgr.cpp">
      <Filter>Alg</Filter>
    </ClCompile>
    <ClCompile Include="..\..\src\Simd\SimdYuvToBgra.cpp">
      <Filter>Alg</Filter>
    </ClCompile>
    <ClCompile Include="..\..\src\Simd\SimdYuvToHue.cpp">
      <Filter>Alg</Filter>
    </ClCompile>
    <ClCompile Include="..\..\src\Simd\SimdMedianFilterSquare3x3.cpp">
      <Filter>Alg</Filter>
    </ClCompile>
    <ClCompile Include="..\..\src\Simd\SimdMedianFilterSquare5x5.cpp">
      <Filter>Alg</Filter>
    </ClCompile>
    <ClCompile Include="..\..\src\Simd\SimdCopy.cpp">
      <Filter>Alg</Filter>
    </ClCompile>
    <ClCompile Include="..\..\src\Simd\SimdDeinterleaveUv.cpp">
      <Filter>Alg</Filter>
    </ClCompile>
    <ClCompile Include="..\..\src\Simd\SimdGaussianBlur3x3.cpp">
      <Filter>Alg</Filter>
    </ClCompile>
    <ClCompile Include="..\..\src\Simd\SimdHistogram.cpp">
      <Filter>Alg</Filter>
    </ClCompile>
    <ClCompile Include="..\..\src\Simd\SimdBinarization.cpp">
      <Filter>Alg</Filter>
    </ClCompile>
    <ClCompile Include="..\..\src\Simd\SimdShiftBilinear.cpp">
      <Filter>Alg</Filter>
    </ClCompile>
    <ClCompile Include="..\..\src\Simd\SimdStatistic.cpp">
      <Filter>Alg</Filter>
    </ClCompile>
    <ClCompile Include="..\..\src\Simd\SimdStretchGray2x2.cpp">
      <Filter>Alg</Filter>
    </ClCompile>
    <ClCompile Include="..\..\src\Simd\SimdOperation.cpp">
      <Filter>Alg</Filter>
    </ClCompile>
    <ClCompile Include="..\..\src\Simd\SimdMedianFilterSquare3x3A.cpp">
      <Filter>Alg\Avx</Filter>
    </ClCompile>
    <ClCompile Include="..\..\src\Simd\SimdMedianFilterSquare5x5A.cpp">
      <Filter>Alg\Avx</Filter>
    </ClCompile>
    <ClCompile Include="..\..\src\Simd\SimdOperationA.cpp">
      <Filter>Alg\Avx</Filter>
    </ClCompile>
    <ClCompile Include="..\..\src\Simd\SimdReduceGray3x3A.cpp">
      <Filter>Alg\Avx</Filter>
    </ClCompile>
    <ClCompile Include="..\..\src\Simd\SimdReduceGray2x2A.cpp">
      <Filter>Alg\Avx</Filter>
    </ClCompile>
    <ClCompile Include="..\..\src\Simd\SimdReduceGray4x4A.cpp">
      <Filter>Alg\Avx</Filter>
    </ClCompile>
    <ClCompile Include="..\..\src\Simd\SimdReduceGray5x5A.cpp">
      <Filter>Alg\Avx</Filter>
    </ClCompile>
    <ClCompile Include="..\..\src\Simd\SimdHistogramA.cpp">
      <Filter>Alg\Avx</Filter>
    </ClCompile>
    <ClCompile Include="..\..\src\Simd\SimdBgraToGrayA.cpp">
      <Filter>Alg\Avx</Filter>
    </ClCompile>
    <ClCompile Include="..\..\src\Simd\SimdBinarizationA.cpp">
      <Filter>Alg\Avx</Filter>
    </ClCompile>
    <ClCompile Include="..\..\src\Simd\SimdDeinterleaveUvA.cpp">
      <Filter>Alg\Avx</Filter>
    </ClCompile>
    <ClCompile Include="..\..\src\Simd\SimdGaussianBlur3x3A.cpp">
      <Filter>Alg\Avx</Filter>
    </ClCompile>
    <ClCompile Include="..\..\src\Simd\SimdSquaredDifferenceSumA.cpp">
      <Filter>Alg\Avx</Filter>
    </ClCompile>
    <ClCompile Include="..\..\src\Simd\SimdStatisticA.cpp">
      <Filter>Alg\Avx</Filter>
    </ClCompile>
    <ClCompile Include="..\..\src\Simd\SimdStretchGray2x2A.cpp">
      <Filter>Alg\Avx</Filter>
    </ClCompile>
    <ClCompile Include="..\..\src\Simd\SimdYuvToBgraA.cpp">
      <Filter>Alg\Avx</Filter>
    </ClCompile>
    <ClCompile Include="..\..\src\Simd\SimdYuvToHueA.cpp">
      <Filter>Alg\Avx</Filter>
    </ClCompile>
    <ClCompile Include="..\..\src\Simd\SimdShiftBilinearA.cpp">
      <Filter>Alg\Avx</Filter>
    </ClCompile>
    <ClCompile Include="..\..\src\Simd\SimdResizeBilinearA.cpp">
      <Filter>Alg\Avx</Filter>
    </ClCompile>
    <ClCompile Include="..\..\src\Simd\SimdEdgeBackgroundA.cpp">
      <Filter>Alg\Avx</Filter>
    </ClCompile>
    <ClCompile Include="..\..\src\Simd\SimdEdgeBackground.cpp">
      <Filter>Alg</Filter>
    </ClCompile>
    <ClCompile Include="..\..\src\Simd\SimdTexture.cpp">
      <Filter>Alg</Filter>
    </ClCompile>
    <ClCompile Include="..\..\src\Simd\SimdTextureA.cpp">
      <Filter>Alg\Avx</Filter>
    </ClCompile>
    <ClCompile Include="..\..\src\Simd\SimdLbpA.cpp">
      <Filter>Alg\Avx</Filter>
    </ClCompile>
    <ClCompile Include="..\..\src\Simd\SimdLbp.cpp">
      <Filter>Alg</Filter>
    </ClCompile>
    <ClCompile Include="..\..\src\Simd\SimdFill.cpp">
      <Filter>Alg</Filter>
    </ClCompile>
    <ClCompile Include="..\..\src\Simd\SimdFillA.cpp">
      <Filter>Alg\Avx</Filter>
    </ClCompile>
    <ClCompile Include="..\..\src\Simd\SimdGrayToBgraA.cpp">
      <Filter>Alg\Avx</Filter>
    </ClCompile>
    <ClCompile Include="..\..\src\Simd\SimdGrayToBgra.cpp">
      <Filter>Alg</Filter>
    </ClCompile>
    <ClCompile Include="..\..\src\Simd\SimdDrawingA.cpp">
      <Filter>Alg\Avx</Filter>
    </ClCompile>
    <ClCompile Include="..\..\src\Simd\SimdDrawing.cpp">
      <Filter>Alg</Filter>
    </ClCompile>
    <ClCompile Include="..\..\src\Simd\SimdAvx2AbsDifferenceSum.cpp">
      <Filter>Avx2</Filter>
    </ClCompile>
    <ClCompile Include="..\..\src\Simd\SimdAvx2AbsGradientSaturatedSum.cpp">
      <Filter>Avx2</Filter>
    </ClCompile>
    <ClCompile Include="..\..\src\Simd\SimdBaseAbsDifferenceSum.cpp">
      <Filter>Base</Filter>
    </ClCompile>
    <ClCompile Include="..\..\src\Simd\SimdBaseAbsGradientSaturatedSum.cpp">
      <Filter>Base</Filter>
    </ClCompile>
    <ClCompile Include="..\..\src\Simd\SimdSse2AbsDifferenceSum.cpp">
      <Filter>Sse2</Filter>
    </ClCompile>
    <ClCompile Include="..\..\src\Simd\SimdSse2AbsGradientSaturatedSum.cpp">
      <Filter>Sse2</Filter>
    </ClCompile>
    <ClCompile Include="..\..\src\Simd\SimdLib.cpp">
      <Filter>Lib</Filter>
    </ClCompile>
    <ClCompile Include="..\..\src\Simd\SimdAvx2AddFeatureDifference.cpp">
      <Filter>Avx2</Filter>
    </ClCompile>
    <ClCompile Include="..\..\src\Simd\SimdBaseAddFeatureDifference.cpp">
      <Filter>Base</Filter>
    </ClCompile>
    <ClCompile Include="..\..\src\Simd\SimdSse2AddFeatureDifference.cpp">
      <Filter>Sse2</Filter>
    </ClCompile>
    <ClCompile Include="..\..\src\Simd\SimdBaseBackground.cpp">
      <Filter>Base</Filter>
    </ClCompile>
    <ClCompile Include="..\..\src\Simd\SimdSse2Background.cpp">
      <Filter>Sse2</Filter>
    </ClCompile>
    <ClCompile Include="..\..\src\Simd\SimdAvx2Background.cpp">
      <Filter>Avx2</Filter>
    </ClCompile>
  </ItemGroup>
  <ItemGroup>
    <ClInclude Include="..\..\src\Simd\SimdConfig.h">
      <Filter>Sys</Filter>
    </ClInclude>
    <ClInclude Include="..\..\src\Simd\SimdConst.h">
      <Filter>Sys</Filter>
    </ClInclude>
    <ClInclude Include="..\..\src\Simd\SimdDefs.h">
      <Filter>Sys</Filter>
    </ClInclude>
    <ClInclude Include="..\..\src\Simd\SimdExtract.h">
      <Filter>Sys</Filter>
    </ClInclude>
    <ClInclude Include="..\..\src\Simd\SimdEnable.h">
      <Filter>Sys</Filter>
    </ClInclude>
    <ClInclude Include="..\..\src\Simd\SimdInit.h">
      <Filter>Sys</Filter>
    </ClInclude>
    <ClInclude Include="..\..\src\Simd\SimdMath.h">
      <Filter>Sys</Filter>
    </ClInclude>
    <ClInclude Include="..\..\src\Simd\SimdMemory.h">
      <Filter>Sys</Filter>
    </ClInclude>
    <ClInclude Include="..\..\src\Simd\SimdTypes.h">
      <Filter>Sys</Filter>
    </ClInclude>
    <ClInclude Include="..\..\src\Simd\SimdLoad.h">
      <Filter>Sys</Filter>
    </ClInclude>
    <ClInclude Include="..\..\src\Simd\SimdStore.h">
      <Filter>Sys</Filter>
    </ClInclude>
    <ClInclude Include="..\..\src\Simd\SimdBgraToBgr.h">
      <Filter>Alg</Filter>
    </ClInclude>
    <ClInclude Include="..\..\src\Simd\SimdBgraToGray.h">
      <Filter>Alg</Filter>
    </ClInclude>
    <ClInclude Include="..\..\src\Simd\SimdBgrToBgra.h">
      <Filter>Alg</Filter>
    </ClInclude>
    <ClInclude Include="..\..\src\Simd\SimdBgrToGray.h">
      <Filter>Alg</Filter>
    </ClInclude>
    <ClInclude Include="..\..\src\Simd\SimdCrc32.h">
      <Filter>Alg</Filter>
    </ClInclude>
    <ClInclude Include="..\..\src\Simd\SimdInterleaveBgra.h">
      <Filter>Alg</Filter>
    </ClInclude>
    <ClInclude Include="..\..\src\Simd\SimdReduceGray2x2.h">
      <Filter>Alg</Filter>
    </ClInclude>
    <ClInclude Include="..\..\src\Simd\SimdReduceGray3x3.h">
      <Filter>Alg</Filter>
    </ClInclude>
    <ClInclude Include="..\..\src\Simd\SimdReduceGray4x4.h">
      <Filter>Alg</Filter>
    </ClInclude>
    <ClInclude Include="..\..\src\Simd\SimdReduceGray5x5.h">
      <Filter>Alg</Filter>
    </ClInclude>
    <ClInclude Include="..\..\src\Simd\SimdResizeBilinear.h">
      <Filter>Alg</Filter>
    </ClInclude>
    <ClInclude Include="..\..\src\Simd\SimdSquaredDifferenceSum.h">
      <Filter>Alg</Filter>
    </ClInclude>
    <ClInclude Include="..\..\src\Simd\SimdYuvToBgr.h">
      <Filter>Alg</Filter>
    </ClInclude>
    <ClInclude Include="..\..\src\Simd\SimdYuvToBgra.h">
      <Filter>Alg</Filter>
    </ClInclude>
    <ClInclude Include="..\..\src\Simd\SimdYuvToHue.h">
      <Filter>Alg</Filter>
    </ClInclude>
    <ClInclude Include="..\..\src\Simd\SimdMedianFilterSquare3x3.h">
      <Filter>Alg</Filter>
    </ClInclude>
    <ClInclude Include="..\..\src\Simd\SimdMedianFilterSquare5x5.h">
      <Filter>Alg</Filter>
    </ClInclude>
    <ClInclude Include="..\..\src\Simd\SimdCopy.h">
      <Filter>Alg</Filter>
    </ClInclude>
    <ClInclude Include="..\..\src\Simd\SimdVersion.h">
      <Filter>Sys</Filter>
    </ClInclude>
    <ClInclude Include="..\..\src\Simd\SimdDeinterleaveUv.h">
      <Filter>Alg</Filter>
    </ClInclude>
    <ClInclude Include="..\..\src\Simd\SimdGaussianBlur3x3.h">
      <Filter>Alg</Filter>
    </ClInclude>
    <ClInclude Include="..\..\src\Simd\SimdSet.h">
      <Filter>Sys</Filter>
    </ClInclude>
    <ClInclude Include="..\..\src\Simd\SimdHistogram.h">
      <Filter>Alg</Filter>
    </ClInclude>
    <ClInclude Include="..\..\src\Simd\SimdBinarization.h">
      <Filter>Alg</Filter>
    </ClInclude>
    <ClInclude Include="..\..\src\Simd\SimdShiftBilinear.h">
      <Filter>Alg</Filter>
    </ClInclude>
    <ClInclude Include="..\..\src\Simd\SimdStatistic.h">
      <Filter>Alg</Filter>
    </ClInclude>
    <ClInclude Include="..\..\src\Simd\SimdStretchGray2x2.h">
      <Filter>Alg</Filter>
    </ClInclude>
    <ClInclude Include="..\..\src\Simd\SimdOperation.h">
      <Filter>Alg</Filter>
    </ClInclude>
    <ClInclude Include="..\..\src\Simd\SimdEdgeBackground.h">
      <Filter>Alg</Filter>
    </ClInclude>
    <ClInclude Include="..\..\src\Simd\SimdTexture.h">
      <Filter>Alg</Filter>
    </ClInclude>
    <ClInclude Include="..\..\src\Simd\SimdView.h">
      <Filter>Utils</Filter>
    </ClInclude>
    <ClInclude Include="..\..\src\Simd\SimdUtils.h">
      <Filter>Utils</Filter>
    </ClInclude>
    <ClInclude Include="..\..\src\Simd\SimdPoint.h">
      <Filter>Utils</Filter>
    </ClInclude>
    <ClInclude Include="..\..\src\Simd\SimdRectangle.h">
      <Filter>Utils</Filter>
    </ClInclude>
    <ClInclude Include="..\..\src\Simd\SimdLbp.h">
      <Filter>Alg</Filter>
    </ClInclude>
    <ClInclude Include="..\..\src\Simd\SimdFill.h">
      <Filter>Alg</Filter>
    </ClInclude>
    <ClInclude Include="..\..\src\Simd\SimdGrayToBgra.h">
      <Filter>Alg</Filter>
    </ClInclude>
    <ClInclude Include="..\..\src\Simd\SimdDrawing.h">
      <Filter>Alg</Filter>
    </ClInclude>
    <ClInclude Include="..\..\src\Simd\SimdAll.h">
      <Filter>Sys</Filter>
    </ClInclude>
    <ClInclude Include="..\..\src\Simd\SimdBase.h">
      <Filter>Base</Filter>
    </ClInclude>
    <ClInclude Include="..\..\src\Simd\SimdSse2.h">
      <Filter>Sse2</Filter>
    </ClInclude>
    <ClInclude Include="..\..\src\Simd\SimdAvx2.h">
      <Filter>Avx2</Filter>
    </ClInclude>
    <ClInclude Include="..\..\src\Simd\SimdAlg.h">
      <Filter>Lib</Filter>
    </ClInclude>
    <ClInclude Include="..\..\src\Simd\SimdLib.h">
      <Filter>Lib</Filter>
    </ClInclude>
  </ItemGroup>
  <ItemGroup>
    <Filter Include="Sys">
      <UniqueIdentifier>{e9836d47-eeab-474a-91e4-968a9d78182b}</UniqueIdentifier>
    </Filter>
    <Filter Include="Alg">
      <UniqueIdentifier>{1eaeb16f-e2de-490d-8e53-eeaebaecba0c}</UniqueIdentifier>
    </Filter>
    <Filter Include="Alg\Avx">
      <UniqueIdentifier>{429522a9-21b7-457b-b889-c7cfe3265b3d}</UniqueIdentifier>
    </Filter>
    <Filter Include="Utils">
      <UniqueIdentifier>{d4e389b9-f885-4050-869b-6bfbab14ceb0}</UniqueIdentifier>
    </Filter>
    <Filter Include="Lib">
      <UniqueIdentifier>{b07bfaef-24f8-445e-98e1-1d2f75501783}</UniqueIdentifier>
    </Filter>
    <Filter Include="Avx2">
      <UniqueIdentifier>{e08271fe-ad4b-4322-b337-537c8180ef44}</UniqueIdentifier>
    </Filter>
    <Filter Include="Base">
      <UniqueIdentifier>{fd126936-f249-4dff-a192-244880dee7a3}</UniqueIdentifier>
    </Filter>
    <Filter Include="Sse2">
      <UniqueIdentifier>{ee469791-524a-4708-8efa-820d667795d2}</UniqueIdentifier>
    </Filter>
  </ItemGroup>
</Project>