<?xml version="1.0" encoding="utf-8"?>
<Project ToolsVersion="4.0" xmlns="http://schemas.microsoft.com/developer/msbuild/2003">
  <ItemGroup>
    <ClCompile Include="..\..\src\Simd\SimdEnable.cpp">
      <Filter>Sys</Filter>
    </ClCompile>
    <ClCompile Include="..\..\src\Simd\SimdBgraToBgr.cpp">
      <Filter>Alg</Filter>
    </ClCompile>
    <ClCompile Include="..\..\src\Simd\SimdBgraToGray.cpp">
      <Filter>Alg</Filter>
    </ClCompile>
    <ClCompile Include="..\..\src\Simd\SimdBgrToBgra.cpp">
      <Filter>Alg</Filter>
    </ClCompile>
    <ClCompile Include="..\..\src\Simd\SimdBgrToGray.cpp">
      <Filter>Alg</Filter>
    </ClCompile>
    <ClCompile Include="..\..\src\Simd\SimdCrc32.cpp">
      <Filter>Alg</Filter>
    </ClCompile>
    <ClCompile Include="..\..\src\Simd\SimdInterleaveBgra.cpp">
      <Filter>Alg</Filter>
    </ClCompile>
    <ClCompile Include="..\..\src\Simd\SimdReduceGray2x2.cpp">
      <Filter>Alg</Filter>
    </ClCompile>
    <ClCompile Include="..\..\src\Simd\SimdReduceGray3x3.cpp">
      <Filter>Alg</Filter>
    </ClCompile>
    <ClCompile Include="..\..\src\Simd\SimdReduceGray4x4.cpp">
      <Filter>Alg</Filter>
    </ClCompile>
    <ClCompile Include="..\..\src\Simd\SimdReduceGray5x5.cpp">
      <Filter>Alg</Filter>
    </ClCompile>
    <ClCompile Include="..\..\src\Simd\SimdResizeBilinear.cpp">
      <Filter>Alg</Filter>
    </ClCompile>
    <ClCompile Include="..\..\src\Simd\SimdSquaredDifferenceSum.cpp">
      <Filter>Alg</Filter>
    </ClCompile>
    <ClCompile Include="..\..\src\Simd\SimdYuvToBgr.cpp">
      <Filter>Alg</Filter>
    </ClCompile>
    <ClCompile Include="..\..\src\Simd\SimdYuvToBgra.cpp">
      <Filter>Alg</Filter>
    </ClCompile>
    <ClCompile Include="..\..\src\Simd\SimdYuvToHue.cpp">
      <Filter>Alg</Filter>
    </ClCompile>
    <ClCompile Include="..\..\src\Simd\SimdMedianFilterSquare3x3.cpp">
      <Filter>Alg</Filter>
    </ClCompile>
    <ClCompile Include="..\..\src\Simd\SimdMedianFilterSquare5x5.cpp">
      <Filter>Alg</Filter>
    </ClCompile>
    <ClCompile Include="..\..\src\Simd\SimdCopy.cpp">
      <Filter>Alg</Filter>
    </ClCompile>
    <ClCompile Include="..\..\src\Simd\SimdDeinterleaveUv.cpp">
      <Filter>Alg</Filter>
    </ClCompile>
    <ClCompile Include="..\..\src\Simd\SimdGaussianBlur3x3.cpp">
      <Filter>Alg</Filter>
    </ClCompile>
    <ClCompile Include="..\..\src\Simd\SimdAbsDifferenceSum.cpp">
      <Filter>Alg</Filter>
    </ClCompile>
    <ClCompile Include="..\..\src\Simd\SimdAbsSecondDerivativeHistogram.cpp">
      <Filter>Alg</Filter>
    </ClCompile>
    <ClCompile Include="..\..\src\Simd\SimdBinarization.cpp">
      <Filter>Alg</Filter>
    </ClCompile>
    <ClCompile Include="..\..\src\Simd\SimdAbsGradientSaturatedSum.cpp">
      <Filter>Alg</Filter>
    </ClCompile>
    <ClCompile Include="..\..\src\Simd\SimdShiftBilinear.cpp">
      <Filter>Alg</Filter>
    </ClCompile>
    <ClCompile Include="..\..\src\Simd\SimdStatistic.cpp">
      <Filter>Alg</Filter>
    </ClCompile>
    <ClCompile Include="..\..\src\Simd\SimdStretchGray2x2.cpp">
      <Filter>Alg</Filter>
    </ClCompile>
    <ClCompile Include="..\..\src\Simd\SimdBackground.cpp">
      <Filter>Alg</Filter>
    </ClCompile>
    <ClCompile Include="..\..\src\Simd\SimdOperation.cpp">
      <Filter>Alg</Filter>
    </ClCompile>
    <ClCompile Include="..\..\src\Simd\SimdBackgroundA.cpp">
      <Filter>Alg\Avx</Filter>
    </ClCompile>
    <ClCompile Include="..\..\src\Simd\SimdMedianFilterSquare3x3A.cpp">
      <Filter>Alg\Avx</Filter>
    </ClCompile>
    <ClCompile Include="..\..\src\Simd\SimdMedianFilterSquare5x5A.cpp">
      <Filter>Alg\Avx</Filter>
    </ClCompile>
    <ClCompile Include="..\..\src\Simd\SimdOperationA.cpp">
      <Filter>Alg\Avx</Filter>
    </ClCompile>
    <ClCompile Include="..\..\src\Simd\SimdReduceGray3x3A.cpp">
      <Filter>Alg\Avx</Filter>
    </ClCompile>
    <ClCompile Include="..\..\src\Simd\SimdReduceGray2x2A.cpp">
      <Filter>Alg\Avx</Filter>
    </ClCompile>
    <ClCompile Include="..\..\src\Simd\SimdReduceGray4x4A.cpp">
      <Filter>Alg\Avx</Filter>
    </ClCompile>
    <ClCompile Include="..\..\src\Simd\SimdReduceGray5x5A.cpp">
      <Filter>Alg\Avx</Filter>
    </ClCompile>
    <ClCompile Include="..\..\src\Simd\SimdAbsDifferenceSumA.cpp">
      <Filter>Alg\Avx</Filter>
    </ClCompile>
    <ClCompile Include="..\..\src\Simd\SimdAbsGradientSaturatedSumA.cpp">
      <Filter>Alg\Avx</Filter>
    </ClCompile>
    <ClCompile Include="..\..\src\Simd\SimdAbsSecondDerivativeHistogramA.cpp">
      <Filter>Alg\Avx</Filter>
    </ClCompile>
    <ClCompile Include="..\..\src\Simd\SimdBgraToGrayA.cpp">
      <Filter>Alg\Avx</Filter>
    </ClCompile>
    <ClCompile Include="..\..\src\Simd\SimdBinarizationA.cpp">
      <Filter>Alg\Avx</Filter>
    </ClCompile>
    <ClCompile Include="..\..\src\Simd\SimdDeinterleaveUvA.cpp">
      <Filter>Alg\Avx</Filter>
    </ClCompile>
    <ClCompile Include="..\..\src\Simd\SimdGaussianBlur3x3A.cpp">
      <Filter>Alg\Avx</Filter>
    </ClCompile>
    <ClCompile Include="..\..\src\Simd\SimdSquaredDifferenceSumA.cpp">
      <Filter>Alg\Avx</Filter>
    </ClCompile>
    <ClCompile Include="..\..\src\Simd\SimdStatisticA.cpp">
      <Filter>Alg\Avx</Filter>
    </ClCompile>
    <ClCompile Include="..\..\src\Simd\SimdStretchGray2x2A.cpp">
      <Filter>Alg\Avx</Filter>
    </ClCompile>
    <ClCompile Include="..\..\src\Simd\SimdYuvToBgraA.cpp">
      <Filter>Alg\Avx</Filter>
    </ClCompile>
    <ClCompile Include="..\..\src\Simd\SimdYuvToHueA.cpp">
      <Filter>Alg\Avx</Filter>
    </ClCompile>
    <ClCompile Include="..\..\src\Simd\SimdShiftBilinearA.cpp">
      <Filter>Alg\Avx</Filter>
    </ClCompile>
    <ClCompile Include="..\..\src\Simd\SimdResizeBilinearA.cpp">
      <Filter>Alg\Avx</Filter>
    </ClCompile>
    <ClCompile Include="..\..\src\Simd\SimdEdgeBackgroundA.cpp">
      <Filter>Alg\Avx</Filter>
    </ClCompile>
    <ClCompile Include="..\..\src\Simd\SimdEdgeBackground.cpp">
      <Filter>Alg</Filter>
    </ClCompile>
    <ClCompile Include="..\..\src\Simd\SimdAddFeatureDifferenceA.cpp">
      <Filter>Alg\Avx</Filter>
    </ClCompile>
    <ClCompile Include="..\..\src\Simd\SimdAddFeatureDifference.cpp">
      <Filter>Alg</Filter>
    </ClCompile>
    <ClCompile Include="..\..\src\Simd\SimdTexture.cpp">
      <Filter>Alg</Filter>
    </ClCompile>
    <ClCompile Include="..\..\src\Simd\SimdTextureA.cpp">
      <Filter>Alg\Avx</Filter>
    </ClCompile>
    <ClCompile Include="..\..\src\Simd\SimdView.cpp">
      <Filter>Utl</Filter>
    </ClCompile>
    <ClCompile Include="..\..\src\Simd\SimdUtils.cpp">
      <Filter>Utl</Filter>
    </ClCompile>
  </ItemGroup>
  <ItemGroup>
    <ClInclude Include="..\..\src\Simd\Simd.h">
      <Filter>Sys</Filter>
    </ClInclude>
    <ClInclude Include="..\..\src\Simd\SimdConfig.h">
      <Filter>Sys</Filter>
    </ClInclude>
    <ClInclude Include="..\..\src\Simd\SimdConst.h">
      <Filter>Sys</Filter>
    </ClInclude>
    <ClInclude Include="..\..\src\Simd\SimdDefs.h">
      <Filter>Sys</Filter>
    </ClInclude>
    <ClInclude Include="..\..\src\Simd\SimdExtract.h">
      <Filter>Sys</Filter>
    </ClInclude>
    <ClInclude Include="..\..\src\Simd\SimdEnable.h">
      <Filter>Sys</Filter>
    </ClInclude>
    <ClInclude Include="..\..\src\Simd\SimdInit.h">
      <Filter>Sys</Filter>
    </ClInclude>
    <ClInclude Include="..\..\src\Simd\SimdMath.h">
      <Filter>Sys</Filter>
    </ClInclude>
    <ClInclude Include="..\..\src\Simd\SimdMemory.h">
      <Filter>Sys</Filter>
    </ClInclude>
    <ClInclude Include="..\..\src\Simd\SimdTypes.h">
      <Filter>Sys</Filter>
    </ClInclude>
    <ClInclude Include="..\..\src\Simd\SimdLoad.h">
      <Filter>Sys</Filter>
    </ClInclude>
    <ClInclude Include="..\..\src\Simd\SimdStore.h">
      <Filter>Sys</Filter>
    </ClInclude>
    <ClInclude Include="..\..\src\Simd\SimdBgraToBgr.h">
      <Filter>Alg</Filter>
    </ClInclude>
    <ClInclude Include="..\..\src\Simd\SimdBgraToGray.h">
      <Filter>Alg</Filter>
    </ClInclude>
    <ClInclude Include="..\..\src\Simd\SimdBgrToBgra.h">
      <Filter>Alg</Filter>
    </ClInclude>
    <ClInclude Include="..\..\src\Simd\SimdBgrToGray.h">
      <Filter>Alg</Filter>
    </ClInclude>
    <ClInclude Include="..\..\src\Simd\SimdCrc32.h">
      <Filter>Alg</Filter>
    </ClInclude>
    <ClInclude Include="..\..\src\Simd\SimdInterleaveBgra.h">
      <Filter>Alg</Filter>
    </ClInclude>
    <ClInclude Include="..\..\src\Simd\SimdReduceGray2x2.h">
      <Filter>Alg</Filter>
    </ClInclude>
    <ClInclude Include="..\..\src\Simd\SimdReduceGray3x3.h">
      <Filter>Alg</Filter>
    </ClInclude>
    <ClInclude Include="..\..\src\Simd\SimdReduceGray4x4.h">
      <Filter>Alg</Filter>
    </ClInclude>
    <ClInclude Include="..\..\src\Simd\SimdReduceGray5x5.h">
      <Filter>Alg</Filter>
    </ClInclude>
    <ClInclude Include="..\..\src\Simd\SimdResizeBilinear.h">
      <Filter>Alg</Filter>
    </ClInclude>
    <ClInclude Include="..\..\src\Simd\SimdSquaredDifferenceSum.h">
      <Filter>Alg</Filter>
    </ClInclude>
    <ClInclude Include="..\..\src\Simd\SimdYuvToBgr.h">
      <Filter>Alg</Filter>
    </ClInclude>
    <ClInclude Include="..\..\src\Simd\SimdYuvToBgra.h">
      <Filter>Alg</Filter>
    </ClInclude>
    <ClInclude Include="..\..\src\Simd\SimdYuvToHue.h">
      <Filter>Alg</Filter>
    </ClInclude>
    <ClInclude Include="..\..\src\Simd\SimdMedianFilterSquare3x3.h">
      <Filter>Alg</Filter>
    </ClInclude>
    <ClInclude Include="..\..\src\Simd\SimdMedianFilterSquare5x5.h">
      <Filter>Alg</Filter>
    </ClInclude>
    <ClInclude Include="..\..\src\Simd\SimdCopy.h">
      <Filter>Alg</Filter>
    </ClInclude>
    <ClInclude Include="..\..\src\Simd\SimdVersion.h">
      <Filter>Sys</Filter>
    </ClInclude>
    <ClInclude Include="..\..\src\Simd\SimdDeinterleaveUv.h">
      <Filter>Alg</Filter>
    </ClInclude>
    <ClInclude Include="..\..\src\Simd\SimdGaussianBlur3x3.h">
      <Filter>Alg</Filter>
    </ClInclude>
    <ClInclude Include="..\..\src\Simd\SimdAbsDifferenceSum.h">
      <Filter>Alg</Filter>
    </ClInclude>
    <ClInclude Include="..\..\src\Simd\SimdSet.h">
      <Filter>Sys</Filter>
    </ClInclude>
    <ClInclude Include="..\..\src\Simd\SimdAbsSecondDerivativeHistogram.h">
      <Filter>Alg</Filter>
    </ClInclude>
    <ClInclude Include="..\..\src\Simd\SimdBinarization.h">
      <Filter>Alg</Filter>
    </ClInclude>
    <ClInclude Include="..\..\src\Simd\SimdAbsGradientSaturatedSum.h">
      <Filter>Alg</Filter>
    </ClInclude>
    <ClInclude Include="..\..\src\Simd\SimdShiftBilinear.h">
      <Filter>Alg</Filter>
    </ClInclude>
    <ClInclude Include="..\..\src\Simd\SimdStatistic.h">
      <Filter>Alg</Filter>
    </ClInclude>
    <ClInclude Include="..\..\src\Simd\SimdStretchGray2x2.h">
      <Filter>Alg</Filter>
    </ClInclude>
    <ClInclude Include="..\..\src\Simd\SimdBackground.h">
      <Filter>Alg</Filter>
    </ClInclude>
    <ClInclude Include="..\..\src\Simd\SimdOperation.h">
      <Filter>Alg</Filter>
    </ClInclude>
    <ClInclude Include="..\..\src\Simd\SimdEdgeBackground.h">
      <Filter>Alg</Filter>
    </ClInclude>
    <ClInclude Include="..\..\src\Simd\SimdAddFeatureDifference.h">
      <Filter>Alg</Filter>
    </ClInclude>
    <ClInclude Include="..\..\src\Simd\SimdTexture.h">
      <Filter>Alg</Filter>
    </ClInclude>
    <ClInclude Include="..\..\src\Simd\SimdView.h">
      <Filter>Utl</Filter>
    </ClInclude>
    <ClInclude Include="..\..\src\Simd\SimdUtils.h">
      <Filter>Utl</Filter>
    </ClInclude>
    <ClInclude Include="..\..\src\Simd\SimdPoint.h">
      <Filter>Utl</Filter>
    </ClInclude>
    <ClInclude Include="..\..\src\Simd\SimdRectangle.h">
      <Filter>Utl</Filter>
    </ClInclude>
  </ItemGroup>
  <ItemGroup>
    <Filter Include="Sys">
      <UniqueIdentifier>{e9836d47-eeab-474a-91e4-968a9d78182b}</UniqueIdentifier>
    </Filter>
    <Filter Include="Alg">
      <UniqueIdentifier>{1eaeb16f-e2de-490d-8e53-eeaebaecba0c}</UniqueIdentifier>
    </Filter>
    <Filter Include="Alg\Avx">
      <UniqueIdentifier>{429522a9-21b7-457b-b889-c7cfe3265b3d}</UniqueIdentifier>
    </Filter>
    <Filter Include="Utl">
      <UniqueIdentifier>{d4e389b9-f885-4050-869b-6bfbab14ceb0}</UniqueIdentifier>
    </Filter>
  </ItemGroup>
</Project>