<?xml version="1.0" encoding="utf-8"?>
<Project ToolsVersion="4.0" xmlns="http://schemas.microsoft.com/developer/msbuild/2003">
  <ItemGroup>
    <ClCompile Include="..\..\src\Simd\SimdBaseAbsDifference.cpp">
      <Filter>Base</Filter>
    </ClCompile>
    <ClCompile Include="..\..\src\Simd\SimdBaseAbsDifferenceSum.cpp">
      <Filter>Base</Filter>
    </ClCompile>
    <ClCompile Include="..\..\src\Simd\SimdBaseAbsGradientSaturatedSum.cpp">
      <Filter>Base</Filter>
    </ClCompile>
    <ClCompile Include="..\..\src\Simd\SimdBaseAddFeatureDifference.cpp">
      <Filter>Base</Filter>
    </ClCompile>
    <ClCompile Include="..\..\src\Simd\SimdBaseAlphaBlending.cpp">
      <Filter>Base</Filter>
    </ClCompile>
    <ClCompile Include="..\..\src\Simd\SimdBaseBackground.cpp">
      <Filter>Base</Filter>
    </ClCompile>
    <ClCompile Include="..\..\src\Simd\SimdBaseBayerToBgr.cpp">
      <Filter>Base</Filter>
    </ClCompile>
    <ClCompile Include="..\..\src\Simd\SimdBaseBayerToBgra.cpp">
      <Filter>Base</Filter>
    </ClCompile>
    <ClCompile Include="..\..\src\Simd\SimdBaseBgraToBayer.cpp">
      <Filter>Base</Filter>
    </ClCompile>
    <ClCompile Include="..\..\src\Simd\SimdBaseBgraToBgr.cpp">
      <Filter>Base</Filter>
    </ClCompile>
    <ClCompile Include="..\..\src\Simd\SimdBaseBgraToGray.cpp">
      <Filter>Base</Filter>
    </ClCompile>
    <ClCompile Include="..\..\src\Simd\SimdBaseBgraToYuv.cpp">
      <Filter>Base</Filter>
    </ClCompile>
    <ClCompile Include="..\..\src\Simd\SimdBaseBgrToBayer.cpp">
      <Filter>Base</Filter>
    </ClCompile>
    <ClCompile Include="..\..\src\Simd\SimdBaseBgrToBgra.cpp">
      <Filter>Base</Filter>
    </ClCompile>
    <ClCompile Include="..\..\src\Simd\SimdBaseBgrToGray.cpp">
      <Filter>Base</Filter>
    </ClCompile>
    <ClCompile Include="..\..\src\Simd\SimdBaseBgrToHsl.cpp">
      <Filter>Base</Filter>
    </ClCompile>
    <ClCompile Include="..\..\src\Simd\SimdBaseBgrToHsv.cpp">
      <Filter>Base</Filter>
    </ClCompile>
    <ClCompile Include="..\..\src\Simd\SimdBaseBgrToRgb.cpp">
      <Filter>Base</Filter>
    </ClCompile>
    <ClCompile Include="..\..\src\Simd\SimdBaseBgrToYuv.cpp">
      <Filter>Base</Filter>
    </ClCompile>
    <ClCompile Include="..\..\src\Simd\SimdBaseBinarization.cpp">
      <Filter>Base</Filter>
    </ClCompile>
    <ClCompile Include="..\..\src\Simd\SimdBaseConditional.cpp">
      <Filter>Base</Filter>
    </ClCompile>
    <ClCompile Include="..\..\src\Simd\SimdBaseCopy.cpp">
      <Filter>Base</Filter>
    </ClCompile>
    <ClCompile Include="..\..\src\Simd\SimdBaseCpu.cpp">
      <Filter>Base</Filter>
    </ClCompile>
    <ClCompile Include="..\..\src\Simd\SimdBaseCrc32.cpp">
      <Filter>Base</Filter>
    </ClCompile>
    <ClCompile Include="..\..\src\Simd\SimdBaseDeinterleave.cpp">
      <Filter>Base</Filter>
    </ClCompile>
    <ClCompile Include="..\..\src\Simd\SimdBaseDetection.cpp">
      <Filter>Base</Filter>
    </ClCompile>
    <ClCompile Include="..\..\src\Simd\SimdBaseEdgeBackground.cpp">
      <Filter>Base</Filter>
    </ClCompile>
    <ClCompile Include="..\..\src\Simd\SimdBaseFill.cpp">
      <Filter>Base</Filter>
    </ClCompile>
    <ClCompile Include="..\..\src\Simd\SimdBaseFloat16.cpp">
      <Filter>Base</Filter>
    </ClCompile>
    <ClCompile Include="..\..\src\Simd\SimdBaseFloat32.cpp">
      <Filter>Base</Filter>
    </ClCompile>
    <ClCompile Include="..\..\src\Simd\SimdBaseGemm32f.cpp">
      <Filter>Base</Filter>
    </ClCompile>
    <ClCompile Include="..\..\src\Simd\SimdBaseGrayToBgr.cpp">
      <Filter>Base</Filter>
    </ClCompile>
    <ClCompile Include="..\..\src\Simd\SimdBaseGrayToBgra.cpp">
      <Filter>Base</Filter>
    </ClCompile>
    <ClCompile Include="..\..\src\Simd\SimdBaseHistogram.cpp">
      <Filter>Base</Filter>
    </ClCompile>
    <ClCompile Include="..\..\src\Simd\SimdBaseHog.cpp">
      <Filter>Base</Filter>
    </ClCompile>
    <ClCompile Include="..\..\src\Simd\SimdBaseHogLite.cpp">
      <Filter>Base</Filter>
    </ClCompile>
    <ClCompile Include="..\..\src\Simd\SimdBaseInt16ToGray.cpp">
      <Filter>Base</Filter>
    </ClCompile>
    <ClCompile Include="..\..\src\Simd\SimdBaseIntegral.cpp">
      <Filter>Base</Filter>
    </ClCompile>
    <ClCompile Include="..\..\src\Simd\SimdBaseInterference.cpp">
      <Filter>Base</Filter>
    </ClCompile>
    <ClCompile Include="..\..\src\Simd\SimdBaseInterleave.cpp">
      <Filter>Base</Filter>
    </ClCompile>
    <ClCompile Include="..\..\src\Simd\SimdBaseLaplace.cpp">
      <Filter>Base</Filter>
    </ClCompile>
    <ClCompile Include="..\..\src\Simd\SimdBaseLbp.cpp">
      <Filter>Base</Filter>
    </ClCompile>
    <ClCompile Include="..\..\src\Simd\SimdBaseMeanFilter3x3.cpp">
      <Filter>Base</Filter>
    </ClCompile>
    <ClCompile Include="..\..\src\Simd\SimdBaseMedianFilter.cpp">
      <Filter>Base</Filter>
    </ClCompile>
    <ClCompile Include="..\..\src\Simd\SimdBaseNeural.cpp">
      <Filter>Base</Filter>
    </ClCompile>
    <ClCompile Include="..\..\src\Simd\SimdBaseOperation.cpp">
      <Filter>Base</Filter>
    </ClCompile>
    <ClCompile Include="..\..\src\Simd\SimdBasePerformance.cpp">
      <Filter>Base</Filter>
    </ClCompile>
    <ClCompile Include="..\..\src\Simd\SimdBaseReduce.cpp">
      <Filter>Base</Filter>
    </ClCompile>
    <ClCompile Include="..\..\src\Simd\SimdBaseReduceGray2x2.cpp">
      <Filter>Base</Filter>
    </ClCompile>
    <ClCompile Include="..\..\src\Simd\SimdBaseReduceGray3x3.cpp">
      <Filter>Base</Filter>
    </ClCompile>
    <ClCompile Include="..\..\src\Simd\SimdBaseReduceGray4x4.cpp">
      <Filter>Base</Filter>
    </ClCompile>
    <ClCompile Include="..\..\src\Simd\SimdBaseReduceGray5x5.cpp">
      <Filter>Base</Filter>
    </ClCompile>
    <ClCompile Include="..\..\src\Simd\SimdBaseReorder.cpp">
      <Filter>Base</Filter>
    </ClCompile>
    <ClCompile Include="..\..\src\Simd\SimdBaseResizeBilinear.cpp">
      <Filter>Base</Filter>
    </ClCompile>
    <ClCompile Include="..\..\src\Simd\SimdBaseResizer.cpp">
      <Filter>Base</Filter>
    </ClCompile>
    <ClCompile Include="..\..\src\Simd\SimdBaseSegmentation.cpp">
      <Filter>Base</Filter>
    </ClCompile>
    <ClCompile Include="..\..\src\Simd\SimdBaseShiftBilinear.cpp">
      <Filter>Base</Filter>
    </ClCompile>
    <ClCompile Include="..\..\src\Simd\SimdBaseSobel.cpp">
      <Filter>Base</Filter>
    </ClCompile>
    <ClCompile Include="..\..\src\Simd\SimdBaseSquaredDifferenceSum.cpp">
      <Filter>Base</Filter>
    </ClCompile>
    <ClCompile Include="..\..\src\Simd\SimdBaseStatistic.cpp">
      <Filter>Base</Filter>
    </ClCompile>
    <ClCompile Include="..\..\src\Simd\SimdBaseStatisticMoments.cpp">
      <Filter>Base</Filter>
    </ClCompile>
    <ClCompile Include="..\..\src\Simd\SimdBaseStretchGray2x2.cpp">
      <Filter>Base</Filter>
    </ClCompile>
    <ClCompile Include="..\..\src\Simd\SimdBaseSvm.cpp">
      <Filter>Base</Filter>
    </ClCompile>
    <ClCompile Include="..\..\src\Simd\SimdBaseSynet.cpp">
      <Filter>Base</Filter>
    </ClCompile>
    <ClCompile Include="..\..\src\Simd\SimdBaseSynetActivation.cpp">
      <Filter>Base</Filter>
    </ClCompile>
    <ClCompile Include="..\..\src\Simd\SimdBaseSynetConversion.cpp">
      <Filter>Base</Filter>
    </ClCompile>
    <ClCompile Include="..\..\src\Simd\SimdBaseSynetConvolution8i.cpp">
      <Filter>Base</Filter>
    </ClCompile>
    <ClCompile Include="..\..\src\Simd\SimdBaseSynetConvolution32f.cpp">
      <Filter>Base</Filter>
    </ClCompile>
    <ClCompile Include="..\..\src\Simd\SimdBaseSynetDeconvolution32f.cpp">
      <Filter>Base</Filter>
    </ClCompile>
    <ClCompile Include="..\..\src\Simd\SimdBaseSynetFused.cpp">
      <Filter>Base</Filter>
    </ClCompile>
    <ClCompile Include="..\..\src\Simd\SimdBaseSynetMergedConvolution32f.cpp">
      <Filter>Base</Filter>
    </ClCompile>
    <ClCompile Include="..\..\src\Simd\SimdBaseSynetPooling.cpp">
      <Filter>Base</Filter>
    </ClCompile>
    <ClCompile Include="..\..\src\Simd\SimdBaseTexture.cpp">
      <Filter>Base</Filter>
    </ClCompile>
    <ClCompile Include="..\..\src\Simd\SimdBaseThread.cpp">
      <Filter>Base</Filter>
    </ClCompile>
    <ClCompile Include="..\..\src\Simd\SimdBaseTransform.cpp">
      <Filter>Base</Filter>
    </ClCompile>
    <ClCompile Include="..\..\src\Simd\SimdBaseYuvToBgr.cpp">
      <Filter>Base</Filter>
    </ClCompile>
    <ClCompile Include="..\..\src\Simd\SimdBaseYuvToBgra.cpp">
      <Filter>Base</Filter>
    </ClCompile>
    <ClCompile Include="..\..\src\Simd\SimdBaseYuvToHsl.cpp">
      <Filter>Base</Filter>
    </ClCompile>
    <ClCompile Include="..\..\src\Simd\SimdBaseYuvToHsv.cpp">
      <Filter>Base</Filter>
    </ClCompile>
    <ClCompile Include="..\..\src\Simd\SimdBaseYuvToHue.cpp">
      <Filter>Base</Filter>
    </ClCompile>
    <ClCompile Include="..\..\src\Simd\SimdBaseSynetScale.cpp">
      <Filter>Base</Filter>
    </ClCompile>
    <ClCompile Include="..\..\src\Simd\SimdBaseSynetMergedConvolution8i.cpp">
      <Filter>Base</Filter>
    </ClCompile>
    <ClCompile Include="..\..\src\Simd\SimdBaseGaussianBlur.cpp">
      <Filter>Base</Filter>
    </ClCompile>
    <ClCompile Include="..\..\src\Simd\SimdBaseImageLoad.cpp">
      <Filter>Base</Filter>
    </ClCompile>
    <ClCompile Include="..\..\src\Simd\SimdBaseImageSave.cpp">
      <Filter>Base</Filter>
    </ClCompile>
    <ClCompile Include="..\..\src\Simd\SimdBaseImageSavePng.cpp">
      <Filter>Base</Filter>
    </ClCompile>
    <ClCompile Include="..\..\src\Simd\SimdBaseSynetInnerProduct32f.cpp">
      <Filter>Base</Filter>
    </ClCompile>
    <ClCompile Include="..\..\src\Simd\SimdBaseImageSaveJpeg.cpp">
      <Filter>Base</Filter>
    </ClCompile>
    <ClCompile Include="..\..\src\Simd\SimdBaseImageLoadJpeg.cpp">
      <Filter>Base</Filter>
    </ClCompile>
    <ClCompile Include="..\..\src\Simd\SimdBaseImageLoadPng.cpp">
      <Filter>Base</Filter>
    </ClCompile>
    <ClCompile Include="..\..\src\Simd\SimdBaseWinograd1.cpp">
      <Filter>Base</Filter>
    </ClCompile>
    <ClCompile Include="..\..\src\Simd\SimdBaseWinograd2.cpp">
      <Filter>Base</Filter>
    </ClCompile>
    <ClCompile Include="..\..\src\Simd\SimdBaseWinograd3.cpp">
      <Filter>Base</Filter>
    </ClCompile>
    <ClCompile Include="..\..\src\Simd\SimdBaseUyvyToBgr.cpp">
      <Filter>Base</Filter>
    </ClCompile>
    <ClCompile Include="..\..\src\Simd\SimdBaseUyvyToYuv.cpp">
      <Filter>Base</Filter>
    </ClCompile>
    <ClCompile Include="..\..\src\Simd\SimdBaseResizerArea.cpp">
      <Filter>Base</Filter>
    </ClCompile>
    <ClCompile Include="..\..\src\Simd\SimdBaseResizerBilinear.cpp">
      <Filter>Base</Filter>
    </ClCompile>
    <ClCompile Include="..\..\src\Simd\SimdBaseResizerNearest.cpp">
      <Filter>Base</Filter>
    </ClCompile>
    <ClCompile Include="..\..\src\Simd\SimdBaseResizerBicubic.cpp">
      <Filter>Base</Filter>
    </ClCompile>
    <ClCompile Include="..\..\src\Simd\SimdBaseBase64.cpp">
      <Filter>Base</Filter>
    </ClCompile>
  </ItemGroup>
  <ItemGroup>
    <ClInclude Include="..\..\src\Simd\SimdBase.h">
      <Filter>Base</Filter>
    </ClInclude>
    <ClInclude Include="..\..\src\Simd\SimdAllocator.hpp">
      <Filter>Inc</Filter>
    </ClInclude>
    <ClInclude Include="..\..\src\Simd\SimdArray.h">
      <Filter>Inc</Filter>
    </ClInclude>
    <ClInclude Include="..\..\src\Simd\SimdBayer.h">
      <Filter>Inc</Filter>
    </ClInclude>
    <ClInclude Include="..\..\src\Simd\SimdCompare.h">
      <Filter>Inc</Filter>
    </ClInclude>
    <ClInclude Include="..\..\src\Simd\SimdConfig.h">
      <Filter>Inc</Filter>
    </ClInclude>
    <ClInclude Include="..\..\src\Simd\SimdConst.h">
      <Filter>Inc</Filter>
    </ClInclude>
    <ClInclude Include="..\..\src\Simd\SimdConversion.h">
      <Filter>Inc</Filter>
    </ClInclude>
    <ClInclude Include="..\..\src\Simd\SimdCpu.h">
      <Filter>Inc</Filter>
    </ClInclude>
    <ClInclude Include="..\..\src\Simd\SimdDefs.h">
      <Filter>Inc</Filter>
    </ClInclude>
    <ClInclude Include="..\..\src\Simd\SimdDetection.h">
      <Filter>Inc</Filter>
    </ClInclude>
    <ClInclude Include="..\..\src\Simd\SimdEnable.h">
      <Filter>Inc</Filter>
    </ClInclude>
    <ClInclude Include="..\..\src\Simd\SimdExp.h">
      <Filter>Inc</Filter>
    </ClInclude>
    <ClInclude Include="..\..\src\Simd\SimdGemm.h">
      <Filter>Inc</Filter>
    </ClInclude>
    <ClInclude Include="..\..\src\Simd\SimdInit.h">
      <Filter>Inc</Filter>
    </ClInclude>
    <ClInclude Include="..\..\src\Simd\SimdIntegral.h">
      <Filter>Inc</Filter>
    </ClInclude>
    <ClInclude Include="..\..\src\Simd\SimdLib.h">
      <Filter>Inc</Filter>
    </ClInclude>
    <ClInclude Include="..\..\src\Simd\SimdLoad.h">
      <Filter>Inc</Filter>
    </ClInclude>
    <ClInclude Include="..\..\src\Simd\SimdLog.h">
      <Filter>Inc</Filter>
    </ClInclude>
    <ClInclude Include="..\..\src\Simd\SimdMath.h">
      <Filter>Inc</Filter>
    </ClInclude>
    <ClInclude Include="..\..\src\Simd\SimdMemory.h">
      <Filter>Inc</Filter>
    </ClInclude>
    <ClInclude Include="..\..\src\Simd\SimdParallel.hpp">
      <Filter>Inc</Filter>
    </ClInclude>
    <ClInclude Include="..\..\src\Simd\SimdPerformance.h">
      <Filter>Inc</Filter>
    </ClInclude>
    <ClInclude Include="..\..\src\Simd\SimdPoint.hpp">
      <Filter>Inc</Filter>
    </ClInclude>
    <ClInclude Include="..\..\src\Simd\SimdPow.h">
      <Filter>Inc</Filter>
    </ClInclude>
    <ClInclude Include="..\..\src\Simd\SimdRectangle.hpp">
      <Filter>Inc</Filter>
    </ClInclude>
    <ClInclude Include="..\..\src\Simd\SimdResizer.h">
      <Filter>Inc</Filter>
    </ClInclude>
    <ClInclude Include="..\..\src\Simd\SimdRuntime.h">
      <Filter>Inc</Filter>
    </ClInclude>
    <ClInclude Include="..\..\src\Simd\SimdStore.h">
      <Filter>Inc</Filter>
    </ClInclude>
    <ClInclude Include="..\..\src\Simd\SimdSynet.h">
      <Filter>Inc</Filter>
    </ClInclude>
    <ClInclude Include="..\..\src\Simd\SimdSynetConvolution8i.h">
      <Filter>Inc</Filter>
    </ClInclude>
    <ClInclude Include="..\..\src\Simd\SimdSynetConvolution32f.h">
      <Filter>Inc</Filter>
    </ClInclude>
    <ClInclude Include="..\..\src\Simd\SimdSynetConvolution32fCommon.h">
      <Filter>Inc</Filter>
    </ClInclude>
    <ClInclude Include="..\..\src\Simd\SimdSynetDeconvolution32f.h">
      <Filter>Inc</Filter>
    </ClInclude>
    <ClInclude Include="..\..\src\Simd\SimdSynetMergedConvolution32f.h">
      <Filter>Inc</Filter>
    </ClInclude>
    <ClInclude Include="..\..\src\Simd\SimdTime.h">
      <Filter>Inc</Filter>
    </ClInclude>
    <ClInclude Include="..\..\src\Simd\SimdUpdate.h">
      <Filter>Inc</Filter>
    </ClInclude>
    <ClInclude Include="..\..\src\Simd\SimdView.hpp">
      <Filter>Inc</Filter>
    </ClInclude>
    <ClInclude Include="..\..\src\Simd\SimdWinograd.h">
      <Filter>Inc</Filter>
    </ClInclude>
    <ClInclude Include="..\..\src\Simd\SimdXml.hpp">
      <Filter>Inc</Filter>
    </ClInclude>
    <ClInclude Include="..\..\src\Simd\SimdSynetScale8i.h">
      <Filter>Inc</Filter>
    </ClInclude>
    <ClInclude Include="..\..\src\Simd\SimdSynetMergedConvolution8i.h">
      <Filter>Inc</Filter>
    </ClInclude>
    <ClInclude Include="..\..\src\Simd\SimdAlignment.h">
      <Filter>Inc</Filter>
    </ClInclude>
    <ClInclude Include="..\..\src\Simd\SimdAlphaBlending.h">
      <Filter>Inc</Filter>
    </ClInclude>
    <ClInclude Include="..\..\src\Simd\SimdExtract.h">
      <Filter>Inc</Filter>
    </ClInclude>
    <ClInclude Include="..\..\src\Simd\SimdSynetConvolution8iCommon.h">
      <Filter>Inc</Filter>
    </ClInclude>
    <ClInclude Include="..\..\src\Simd\SimdGaussianBlur.h">
      <Filter>Inc</Filter>
    </ClInclude>
    <ClInclude Include="..\..\src\Simd\SimdImageSave.h">
      <Filter>Inc</Filter>
    </ClInclude>
    <ClInclude Include="..\..\src\Simd\SimdMemoryStream.h">
      <Filter>Inc</Filter>
    </ClInclude>
    <ClInclude Include="..\..\src\Simd\SimdImageLoad.h">
      <Filter>Inc</Filter>
    </ClInclude>
    <ClInclude Include="..\..\src\Simd\SimdCopyPixel.h">
      <Filter>Inc</Filter>
    </ClInclude>
    <ClInclude Include="..\..\src\Simd\SimdSynetInnerProduct32f.h">
      <Filter>Inc</Filter>
    </ClInclude>
    <ClInclude Include="..\..\src\Simd\SimdImageSavePng.h">
      <Filter>Inc</Filter>
    </ClInclude>
    <ClInclude Include="..\..\src\Simd\SimdImageSaveJpeg.h">
      <Filter>Inc</Filter>
    </ClInclude>
    <ClInclude Include="..\..\src\Simd\SimdFloat16.h">
      <Filter>Inc</Filter>
    </ClInclude>
    <ClInclude Include="..\..\src\Simd\SimdLoadBlock.h">
      <Filter>Inc</Filter>
    </ClInclude>
    <ClInclude Include="..\..\src\Simd\SimdTransform.h">
      <Filter>Inc</Filter>
    </ClInclude>
    <ClInclude Include="..\..\src\Simd\SimdYuvToBgr.h">
      <Filter>Inc</Filter>
    </ClInclude>
    <ClInclude Include="..\..\src\Simd\SimdSet.h">
      <Filter>Inc</Filter>
    </ClInclude>
    <ClInclude Include="..\..\src\Simd\SimdBase64.h">
      <Filter>Inc</Filter>
    </ClInclude>
  </ItemGroup>
  <ItemGroup>
    <Filter Include="Base">
      <UniqueIdentifier>{00b9149f-e127-44ae-b89f-a866edf8cf11}</UniqueIdentifier>
    </Filter>
    <Filter Include="Inc">
      <UniqueIdentifier>{e965be5d-215b-4037-8839-9ae912bbb6fd}</UniqueIdentifier>
    </Filter>
  </ItemGroup>
</Project>