<?xml version="1.0" encoding="utf-8"?>
<Project ToolsVersion="4.0" xmlns="http://schemas.microsoft.com/developer/msbuild/2003">
  <ItemGroup>
    <ClCompile Include="..\..\src\Test\TestAbsDifference.cpp">
      <Filter>Test</Filter>
    </ClCompile>
    <ClCompile Include="..\..\src\Test\TestAddFeatureDifference.cpp">
      <Filter>Test</Filter>
    </ClCompile>
    <ClCompile Include="..\..\src\Test\TestAnyToAny.cpp">
      <Filter>Test</Filter>
    </ClCompile>
    <ClCompile Include="..\..\src\Test\TestAnyToBayer.cpp">
      <Filter>Test</Filter>
    </ClCompile>
    <ClCompile Include="..\..\src\Test\TestAnyToBgra.cpp">
      <Filter>Test</Filter>
    </ClCompile>
    <ClCompile Include="..\..\src\Test\TestAnyToYuv.cpp">
      <Filter>Test</Filter>
    </ClCompile>
    <ClCompile Include="..\..\src\Test\TestBackground.cpp">
      <Filter>Test</Filter>
    </ClCompile>
    <ClCompile Include="..\..\src\Test\TestBayerToBgr.cpp">
      <Filter>Test</Filter>
    </ClCompile>
    <ClCompile Include="..\..\src\Test\TestBayerToBgra.cpp">
      <Filter>Test</Filter>
    </ClCompile>
    <ClCompile Include="..\..\src\Test\TestBgr48pToBgra32.cpp">
      <Filter>Test</Filter>
    </ClCompile>
    <ClCompile Include="..\..\src\Test\TestBinarization.cpp">
      <Filter>Test</Filter>
    </ClCompile>
    <ClCompile Include="..\..\src\Test\TestConditional.cpp">
      <Filter>Test</Filter>
    </ClCompile>
    <ClCompile Include="..\..\src\Test\TestData.cpp">
      <Filter>Utils</Filter>
    </ClCompile>
    <ClCompile Include="..\..\src\Test\TestContour.cpp">
      <Filter>Test</Filter>
    </ClCompile>
    <ClCompile Include="..\..\src\Test\TestCopy.cpp">
      <Filter>Test</Filter>
    </ClCompile>
    <ClCompile Include="..\..\src\Test\TestCrc32.cpp">
      <Filter>Test</Filter>
    </ClCompile>
    <ClCompile Include="..\..\src\Test\TestDeinterleave.cpp">
      <Filter>Test</Filter>
    </ClCompile>
    <ClCompile Include="..\..\src\Test\TestDetection.cpp">
      <Filter>Test</Filter>
    </ClCompile>
    <ClCompile Include="..\..\src\Test\TestDifferenceSum.cpp">
      <Filter>Test</Filter>
    </ClCompile>
    <ClCompile Include="..\..\src\Test\TestDrawing.cpp">
      <Filter>Test</Filter>
    </ClCompile>
    <ClCompile Include="..\..\src\Test\TestEdgeBackground.cpp">
      <Filter>Test</Filter>
    </ClCompile>
    <ClCompile Include="..\..\src\Test\TestFill.cpp">
      <Filter>Test</Filter>
    </ClCompile>
    <ClCompile Include="..\..\src\Test\TestFilter.cpp">
      <Filter>Test</Filter>
    </ClCompile>
    <ClCompile Include="..\..\src\Test\TestFloat16.cpp">
      <Filter>Test</Filter>
    </ClCompile>
    <ClCompile Include="..\..\src\Test\TestFloat32.cpp">
      <Filter>Test</Filter>
    </ClCompile>
    <ClCompile Include="..\..\src\Test\TestFont.cpp">
      <Filter>Test</Filter>
    </ClCompile>
    <ClCompile Include="..\..\src\Test\TestHtml.cpp">
      <Filter>Utils</Filter>
    </ClCompile>
    <ClCompile Include="..\..\src\Test\TestLog.cpp">
      <Filter>Utils</Filter>
    </ClCompile>
    <ClCompile Include="..\..\src\Test\TestTable.cpp">
      <Filter>Utils</Filter>
    </ClCompile>
    <ClCompile Include="..\..\src\Test\TestUtils.cpp">
      <Filter>Utils</Filter>
    </ClCompile>
    <ClCompile Include="..\..\src\Test\TestVideo.cpp">
      <Filter>Utils</Filter>
    </ClCompile>
    <ClCompile Include="..\..\src\Test\TestGemm.cpp">
      <Filter>Test</Filter>
    </ClCompile>
    <ClCompile Include="..\..\src\Test\TestHistogram.cpp">
      <Filter>Test</Filter>
    </ClCompile>
    <ClCompile Include="..\..\src\Test\TestHog.cpp">
      <Filter>Test</Filter>
    </ClCompile>
    <ClCompile Include="..\..\src\Test\TestHogLite.cpp">
      <Filter>Test</Filter>
    </ClCompile>
    <ClCompile Include="..\..\src\Test\TestImageMatcher.cpp">
      <Filter>Test</Filter>
    </ClCompile>
    <ClCompile Include="..\..\src\Test\TestIntegral.cpp">
      <Filter>Test</Filter>
    </ClCompile>
    <ClCompile Include="..\..\src\Test\TestInterference.cpp">
      <Filter>Test</Filter>
    </ClCompile>
    <ClCompile Include="..\..\src\Test\TestInterleave.cpp">
      <Filter>Test</Filter>
    </ClCompile>
    <ClCompile Include="..\..\src\Test\TestMotion.cpp">
      <Filter>Test</Filter>
    </ClCompile>
    <ClCompile Include="..\..\src\Test\TestNeural.cpp">
      <Filter>Test</Filter>
    </ClCompile>
    <ClCompile Include="..\..\src\Test\TestOperation.cpp">
      <Filter>Test</Filter>
    </ClCompile>
    <ClCompile Include="..\..\src\Test\TestReduce.cpp">
      <Filter>Test</Filter>
    </ClCompile>
    <ClCompile Include="..\..\src\Test\TestReorder.cpp">
      <Filter>Test</Filter>
    </ClCompile>
    <ClCompile Include="..\..\src\Test\TestResize.cpp">
      <Filter>Test</Filter>
    </ClCompile>
    <ClCompile Include="..\..\src\Test\TestSegmentation.cpp">
      <Filter>Test</Filter>
    </ClCompile>
    <ClCompile Include="..\..\src\Test\TestShift.cpp">
      <Filter>Test</Filter>
    </ClCompile>
    <ClCompile Include="..\..\src\Test\TestStatistic.cpp">
      <Filter>Test</Filter>
    </ClCompile>
    <ClCompile Include="..\..\src\Test\TestStretchGray.cpp">
      <Filter>Test</Filter>
    </ClCompile>
    <ClCompile Include="..\..\src\Test\TestSvm.cpp">
      <Filter>Test</Filter>
    </ClCompile>
    <ClCompile Include="..\..\src\Test\TestSynet.cpp">
      <Filter>Test</Filter>
    </ClCompile>
    <ClCompile Include="..\..\src\Test\TestSynetActivation.cpp">
      <Filter>Test</Filter>
    </ClCompile>
    <ClCompile Include="..\..\src\Test\TestSynetConversion.cpp">
      <Filter>Test</Filter>
    </ClCompile>
    <ClCompile Include="..\..\src\Test\TestSynetConvolution8i.cpp">
      <Filter>Test</Filter>
    </ClCompile>
    <ClCompile Include="..\..\src\Test\TestSynetConvolution32f.cpp">
      <Filter>Test</Filter>
    </ClCompile>
    <ClCompile Include="..\..\src\Test\TestSynetDeconvolution32f.cpp">
      <Filter>Test</Filter>
    </ClCompile>
    <ClCompile Include="..\..\src\Test\TestSynetFused.cpp">
      <Filter>Test</Filter>
    </ClCompile>
    <ClCompile Include="..\..\src\Test\TestSynetMergedConvolution32f.cpp">
      <Filter>Test</Filter>
    </ClCompile>
    <ClCompile Include="..\..\src\Test\TestSynetPooling.cpp">
      <Filter>Test</Filter>
    </ClCompile>
    <ClCompile Include="..\..\src\Test\TestTexture.cpp">
      <Filter>Test</Filter>
    </ClCompile>
    <ClCompile Include="..\..\src\Test\TestTransform.cpp">
      <Filter>Test</Filter>
    </ClCompile>
    <ClCompile Include="..\..\src\Test\TestWinograd.cpp">
      <Filter>Test</Filter>
    </ClCompile>
    <ClCompile Include="..\..\src\Test\TestYuvToAny.cpp">
      <Filter>Test</Filter>
    </ClCompile>
    <ClCompile Include="..\..\src\Test\TestYuvToBgra.cpp">
      <Filter>Test</Filter>
    </ClCompile>
    <ClCompile Include="..\..\src\Test\TestPerformance.cpp">
      <Filter>Utils</Filter>
    </ClCompile>
    <ClCompile Include="..\..\src\Test\TestCheckCpp.cpp">
      <Filter>Utils</Filter>
    </ClCompile>
    <ClCompile Include="..\..\src\Test\TestCheckC.c">
      <Filter>Utils</Filter>
    </ClCompile>
    <ClCompile Include="..\..\src\Test\Test.cpp">
      <Filter>Test</Filter>
    </ClCompile>
    <ClCompile Include="..\..\src\Test\TestSynetScale.cpp">
      <Filter>Test</Filter>
    </ClCompile>
    <ClCompile Include="..\..\src\Test\TestSynetMergedConvolution8i.cpp">
      <Filter>Test</Filter>
    </ClCompile>
    <ClCompile Include="..\..\src\Test\TestImageIO.cpp">
      <Filter>Test</Filter>
    </ClCompile>
    <ClCompile Include="..\..\src\Test\TestSynetInnerProduct.cpp">
      <Filter>Test</Filter>
    </ClCompile>
    <ClCompile Include="..\..\src\Test\TestFile.cpp">
      <Filter>Utils</Filter>
    </ClCompile>
    <ClCompile Include="..\..\src\Test\TestString.cpp">
      <Filter>Utils</Filter>
    </ClCompile>
    <ClCompile Include="..\..\src\Test\TestUyvyToBgr.cpp">
      <Filter>Test</Filter>
    </ClCompile>
    <ClCompile Include="..\..\src\Test\TestBase64.cpp">
      <Filter>Test</Filter>
    </ClCompile>
  </ItemGroup>
  <ItemGroup>
    <ClInclude Include="..\..\src\Test\TestConfig.h">
      <Filter>Utils</Filter>
    </ClInclude>
    <ClInclude Include="..\..\src\Test\TestData.h">
      <Filter>Utils</Filter>
    </ClInclude>
    <ClInclude Include="..\..\src\Test\TestHtml.h">
      <Filter>Utils</Filter>
    </ClInclude>
    <ClInclude Include="..\..\src\Test\TestTable.h">
      <Filter>Utils</Filter>
    </ClInclude>
    <ClInclude Include="..\..\src\Test\TestTensor.h">
      <Filter>Utils</Filter>
    </ClInclude>
    <ClInclude Include="..\..\src\Test\TestUtils.h">
      <Filter>Utils</Filter>
    </ClInclude>
    <ClInclude Include="..\..\src\Test\TestVideo.h">
      <Filter>Utils</Filter>
    </ClInclude>
    <ClInclude Include="..\..\src\Test\TestPerformance.h">
      <Filter>Utils</Filter>
    </ClInclude>
    <ClInclude Include="..\..\src\Test\TestSynetConvolutionParam.h">
      <Filter>Utils</Filter>
    </ClInclude>
    <ClInclude Include="..\..\src\Test\TestLog.h">
      <Filter>Utils</Filter>
    </ClInclude>
    <ClInclude Include="..\..\src\Test\TestFile.h">
      <Filter>Utils</Filter>
    </ClInclude>
    <ClInclude Include="..\..\src\Test\TestString.h">
      <Filter>Utils</Filter>
    </ClInclude>
    <ClInclude Include="..\..\src\Test\TestConsole.h">
      <Filter>Utils</Filter>
    </ClInclude>
  </ItemGroup>
  <ItemGroup>
    <Filter Include="Test">
      <UniqueIdentifier>{8f98705d-cc91-411b-87bd-1d6c25786ee9}</UniqueIdentifier>
    </Filter>
    <Filter Include="Utils">
      <UniqueIdentifier>{17be243d-9755-44ac-9c2e-41002d7a9e06}</UniqueIdentifier>
    </Filter>
  </ItemGroup>
</Project>