<?xml version="1.0" encoding="UTF-8" standalone="yes" ?>
<CodeBlocks_project_file>
	<FileVersion major="1" minor="6" />
	<Project>
		<Option title="SimdLib" />
		<Option platforms="Windows;" />
		<Option pch_mode="2" />
		<Option compiler="gcc" />
		<Option virtualFolders="Sys\;Alg\;Alg\Avx\;Utils\;Lib\;Base\;Avx2\;Sse2\;" />
		<Build>
			<Target title="Debug Win32">
				<Option platforms="Windows;" />
				<Option output="$(ProjectDir)/../../bin/cb/Win32/Debug/SimdLib" prefix_auto="1" extension_auto="1" />
				<Option working_dir="" />
				<Option object_output="$(ProjectDir)/../../obj/cb/Win32/Debug/SimdLib" />
				<Option type="2" />
				<Option compiler="gcc" />
				<Option createDefFile="1" />
				<Compiler>
					<Add option="-march=core2" />
					<Add option="-g" />
					<Add option="-W" />
					<Add option="-O0" />
					<Add option="-DWIN32" />
					<Add option="-D_DEBUG" />
					<Add option="-D_LIB" />
					<Add directory="$(ProjectDir)/../../src" />
				</Compiler>
				<ResourceCompiler>
					<Add directory="$(ProjectDir)/../../src" />
				</ResourceCompiler>
				<ExtraCommands>
					<Add before="$(ProjectDir)/../cmd/GetVersion.cmd" />
				</ExtraCommands>
			</Target>
			<Target title="Debug x64">
				<Option output="$(ProjectDir)/../../bin/cb/x64/Debug/SimdLib" prefix_auto="1" extension_auto="1" />
				<Option working_dir="" />
				<Option object_output="$(ProjectDir)/../../obj/cb/x64/Debug/SimdLib" />
				<Option type="2" />
				<Option compiler="gcc" />
				<Option createDefFile="1" />
				<Compiler>
					<Add option="-march=core2" />
					<Add option="-g" />
					<Add option="-W" />
					<Add option="-O0" />
					<Add option="-D_WIN64" />
					<Add option="-D_DEBUG" />
					<Add option="-D_LIB" />
					<Add directory="$(ProjectDir)/../../src" />
				</Compiler>
				<ResourceCompiler>
					<Add directory="$(ProjectDir)/../../src" />
				</ResourceCompiler>
				<ExtraCommands>
					<Add before="$(ProjectDir)/../cmd/GetVersion.cmd" />
				</ExtraCommands>
			</Target>
			<Target title="Release Win32">
				<Option output="$(ProjectDir)/../../bin/cb/Win32/Release/SimdLib" prefix_auto="1" extension_auto="1" />
				<Option working_dir="" />
				<Option object_output="$(ProjectDir)/../../obj/cb/Win32/Release/SimdLib" />
				<Option type="2" />
				<Option compiler="gcc" />
				<Option createDefFile="1" />
				<Compiler>
					<Add option="-march=core2" />
					<Add option="-O2" />
					<Add option="-W" />
					<Add option="-DWIN32" />
					<Add option="-DNDEBUG" />
					<Add option="-D_LIB" />
					<Add directory="$(ProjectDir)/../../src" />
				</Compiler>
				<ResourceCompiler>
					<Add directory="$(ProjectDir)/../../src" />
				</ResourceCompiler>
				<ExtraCommands>
					<Add before="$(ProjectDir)/../cmd/GetVersion.cmd" />
				</ExtraCommands>
			</Target>
			<Target title="Release x64">
				<Option output="$(ProjectDir)/../../bin/cb/x64/Release/SimdLib" prefix_auto="1" extension_auto="1" />
				<Option working_dir="" />
				<Option object_output="$(ProjectDir)/../../obj/cb/x64/Release/SimdLib" />
				<Option type="2" />
				<Option compiler="gcc" />
				<Option createDefFile="1" />
				<Compiler>
					<Add option="-march=core2" />
					<Add option="-O2" />
					<Add option="-W" />
					<Add option="-D_WIN64" />
					<Add option="-DNDEBUG" />
					<Add option="-D_LIB" />
					<Add directory="$(ProjectDir)/../../src" />
				</Compiler>
				<ResourceCompiler>
					<Add directory="$(ProjectDir)/../../src" />
				</ResourceCompiler>
				<ExtraCommands>
					<Add before="$(ProjectDir)/../cmd/GetVersion.cmd" />
				</ExtraCommands>
			</Target>
		</Build>
		<Compiler>
			<Add option="-march=core2" />
			<Add option="-DSIMD_STATIC" />
		</Compiler>
		<Unit filename="../../src/Simd/SimdAlg.h">
			<Option virtualFolder="Lib/" />
		</Unit>
		<Unit filename="../../src/Simd/SimdAll.h">
			<Option virtualFolder="Sys/" />
		</Unit>
		<Unit filename="../../src/Simd/SimdAvx2.h">
			<Option virtualFolder="Avx2/" />
		</Unit>
		<Unit filename="../../src/Simd/SimdAvx2AbsDifferenceSum.cpp">
			<Option virtualFolder="Avx2/" />
		</Unit>
		<Unit filename="../../src/Simd/SimdAvx2AbsGradientSaturatedSum.cpp">
			<Option virtualFolder="Avx2/" />
		</Unit>
		<Unit filename="../../src/Simd/SimdAvx2AddFeatureDifference.cpp">
			<Option virtualFolder="Avx2/" />
		</Unit>
		<Unit filename="../../src/Simd/SimdAvx2Background.cpp">
			<Option virtualFolder="Avx2/" />
		</Unit>
		<Unit filename="../../src/Simd/SimdBase.h">
			<Option virtualFolder="Base/" />
		</Unit>
		<Unit filename="../../src/Simd/SimdBaseAbsDifferenceSum.cpp">
			<Option virtualFolder="Base/" />
		</Unit>
		<Unit filename="../../src/Simd/SimdBaseAbsGradientSaturatedSum.cpp">
			<Option virtualFolder="Base/" />
		</Unit>
		<Unit filename="../../src/Simd/SimdBaseAddFeatureDifference.cpp">
			<Option virtualFolder="Base/" />
		</Unit>
		<Unit filename="../../src/Simd/SimdBaseBackground.cpp">
			<Option virtualFolder="Base/" />
		</Unit>
		<Unit filename="../../src/Simd/SimdBgrToBgra.cpp">
			<Option virtualFolder="Alg/" />
		</Unit>
		<Unit filename="../../src/Simd/SimdBgrToBgra.h">
			<Option virtualFolder="Alg/" />
		</Unit>
		<Unit filename="../../src/Simd/SimdBgrToGray.cpp">
			<Option virtualFolder="Alg/" />
		</Unit>
		<Unit filename="../../src/Simd/SimdBgrToGray.h">
			<Option virtualFolder="Alg/" />
		</Unit>
		<Unit filename="../../src/Simd/SimdBgraToBgr.cpp">
			<Option virtualFolder="Alg/" />
		</Unit>
		<Unit filename="../../src/Simd/SimdBgraToBgr.h">
			<Option virtualFolder="Alg/" />
		</Unit>
		<Unit filename="../../src/Simd/SimdBgraToGray.cpp">
			<Option virtualFolder="Alg/" />
		</Unit>
		<Unit filename="../../src/Simd/SimdBgraToGray.h">
			<Option virtualFolder="Alg/" />
		</Unit>
		<Unit filename="../../src/Simd/SimdBgraToGrayA.cpp">
			<Option virtualFolder="Alg/Avx/" />
		</Unit>
		<Unit filename="../../src/Simd/SimdBinarization.cpp">
			<Option virtualFolder="Alg/" />
		</Unit>
		<Unit filename="../../src/Simd/SimdBinarization.h">
			<Option virtualFolder="Alg/" />
		</Unit>
		<Unit filename="../../src/Simd/SimdBinarizationA.cpp">
			<Option virtualFolder="Alg/Avx/" />
		</Unit>
		<Unit filename="../../src/Simd/SimdConfig.h">
			<Option virtualFolder="Sys/" />
		</Unit>
		<Unit filename="../../src/Simd/SimdConst.h">
			<Option virtualFolder="Sys/" />
		</Unit>
		<Unit filename="../../src/Simd/SimdCopy.cpp">
			<Option virtualFolder="Alg/" />
		</Unit>
		<Unit filename="../../src/Simd/SimdCopy.h">
			<Option virtualFolder="Alg/" />
		</Unit>
		<Unit filename="../../src/Simd/SimdCrc32.cpp">
			<Option virtualFolder="Alg/" />
		</Unit>
		<Unit filename="../../src/Simd/SimdCrc32.h">
			<Option virtualFolder="Alg/" />
		</Unit>
		<Unit filename="../../src/Simd/SimdDefs.h">
			<Option virtualFolder="Sys/" />
		</Unit>
		<Unit filename="../../src/Simd/SimdDeinterleaveUv.cpp">
			<Option virtualFolder="Alg/" />
		</Unit>
		<Unit filename="../../src/Simd/SimdDeinterleaveUv.h">
			<Option virtualFolder="Alg/" />
		</Unit>
		<Unit filename="../../src/Simd/SimdDeinterleaveUvA.cpp">
			<Option virtualFolder="Alg/Avx/" />
		</Unit>
		<Unit filename="../../src/Simd/SimdDrawing.cpp">
			<Option virtualFolder="Alg/" />
		</Unit>
		<Unit filename="../../src/Simd/SimdDrawing.h">
			<Option virtualFolder="Alg/" />
		</Unit>
		<Unit filename="../../src/Simd/SimdDrawingA.cpp">
			<Option virtualFolder="Alg/Avx/" />
		</Unit>
		<Unit filename="../../src/Simd/SimdEdgeBackground.cpp">
			<Option virtualFolder="Alg/" />
		</Unit>
		<Unit filename="../../src/Simd/SimdEdgeBackground.h">
			<Option virtualFolder="Alg/" />
		</Unit>
		<Unit filename="../../src/Simd/SimdEdgeBackgroundA.cpp">
			<Option virtualFolder="Alg/Avx/" />
		</Unit>
		<Unit filename="../../src/Simd/SimdEnable.cpp">
			<Option virtualFolder="Sys/" />
		</Unit>
		<Unit filename="../../src/Simd/SimdEnable.h">
			<Option virtualFolder="Sys/" />
		</Unit>
		<Unit filename="../../src/Simd/SimdExtract.h">
			<Option virtualFolder="Sys/" />
		</Unit>
		<Unit filename="../../src/Simd/SimdFill.cpp">
			<Option virtualFolder="Alg/" />
		</Unit>
		<Unit filename="../../src/Simd/SimdFill.h">
			<Option virtualFolder="Alg/" />
		</Unit>
		<Unit filename="../../src/Simd/SimdFillA.cpp">
			<Option virtualFolder="Alg/Avx/" />
		</Unit>
		<Unit filename="../../src/Simd/SimdGaussianBlur3x3.cpp">
			<Option virtualFolder="Alg/" />
		</Unit>
		<Unit filename="../../src/Simd/SimdGaussianBlur3x3.h">
			<Option virtualFolder="Alg/" />
		</Unit>
		<Unit filename="../../src/Simd/SimdGaussianBlur3x3A.cpp">
			<Option virtualFolder="Alg/Avx/" />
		</Unit>
		<Unit filename="../../src/Simd/SimdGrayToBgra.cpp">
			<Option virtualFolder="Alg/" />
		</Unit>
		<Unit filename="../../src/Simd/SimdGrayToBgra.h">
			<Option virtualFolder="Alg/" />
		</Unit>
		<Unit filename="../../src/Simd/SimdGrayToBgraA.cpp">
			<Option virtualFolder="Alg/Avx/" />
		</Unit>
		<Unit filename="../../src/Simd/SimdHistogram.cpp">
			<Option virtualFolder="Alg/" />
		</Unit>
		<Unit filename="../../src/Simd/SimdHistogram.h">
			<Option virtualFolder="Alg/" />
		</Unit>
		<Unit filename="../../src/Simd/SimdHistogramA.cpp">
			<Option virtualFolder="Alg/Avx/" />
		</Unit>
		<Unit filename="../../src/Simd/SimdInit.h">
			<Option virtualFolder="Sys/" />
		</Unit>
		<Unit filename="../../src/Simd/SimdInterleaveBgra.cpp">
			<Option virtualFolder="Alg/" />
		</Unit>
		<Unit filename="../../src/Simd/SimdInterleaveBgra.h">
			<Option virtualFolder="Alg/" />
		</Unit>
		<Unit filename="../../src/Simd/SimdLbp.cpp">
			<Option virtualFolder="Alg/" />
		</Unit>
		<Unit filename="../../src/Simd/SimdLbp.h">
			<Option virtualFolder="Alg/" />
		</Unit>
		<Unit filename="../../src/Simd/SimdLbpA.cpp">
			<Option virtualFolder="Alg/Avx/" />
		</Unit>
		<Unit filename="../../src/Simd/SimdLib.cpp">
			<Option virtualFolder="Lib/" />
		</Unit>
		<Unit filename="../../src/Simd/SimdLib.h">
			<Option virtualFolder="Lib/" />
		</Unit>
		<Unit filename="../../src/Simd/SimdLoad.h">
			<Option virtualFolder="Sys/" />
		</Unit>
		<Unit filename="../../src/Simd/SimdMath.h">
			<Option virtualFolder="Sys/" />
		</Unit>
		<Unit filename="../../src/Simd/SimdMedianFilterSquare3x3.cpp">
			<Option virtualFolder="Alg/" />
		</Unit>
		<Unit filename="../../src/Simd/SimdMedianFilterSquare3x3.h">
			<Option virtualFolder="Alg/" />
		</Unit>
		<Unit filename="../../src/Simd/SimdMedianFilterSquare3x3A.cpp">
			<Option virtualFolder="Alg/Avx/" />
		</Unit>
		<Unit filename="../../src/Simd/SimdMedianFilterSquare5x5.cpp">
			<Option virtualFolder="Alg/" />
		</Unit>
		<Unit filename="../../src/Simd/SimdMedianFilterSquare5x5.h">
			<Option virtualFolder="Alg/" />
		</Unit>
		<Unit filename="../../src/Simd/SimdMedianFilterSquare5x5A.cpp">
			<Option virtualFolder="Alg/Avx/" />
		</Unit>
		<Unit filename="../../src/Simd/SimdMemory.h">
			<Option virtualFolder="Sys/" />
		</Unit>
		<Unit filename="../../src/Simd/SimdOperation.cpp">
			<Option virtualFolder="Alg/" />
		</Unit>
		<Unit filename="../../src/Simd/SimdOperation.h">
			<Option virtualFolder="Alg/" />
		</Unit>
		<Unit filename="../../src/Simd/SimdOperationA.cpp">
			<Option virtualFolder="Alg/Avx/" />
		</Unit>
		<Unit filename="../../src/Simd/SimdPoint.h">
			<Option virtualFolder="Utils/" />
		</Unit>
		<Unit filename="../../src/Simd/SimdRectangle.h">
			<Option virtualFolder="Utils/" />
		</Unit>
		<Unit filename="../../src/Simd/SimdReduceGray2x2.cpp">
			<Option virtualFolder="Alg/" />
		</Unit>
		<Unit filename="../../src/Simd/SimdReduceGray2x2.h">
			<Option virtualFolder="Alg/" />
		</Unit>
		<Unit filename="../../src/Simd/SimdReduceGray2x2A.cpp">
			<Option virtualFolder="Alg/Avx/" />
		</Unit>
		<Unit filename="../../src/Simd/SimdReduceGray3x3.cpp">
			<Option virtualFolder="Alg/" />
		</Unit>
		<Unit filename="../../src/Simd/SimdReduceGray3x3.h">
			<Option virtualFolder="Alg/" />
		</Unit>
		<Unit filename="../../src/Simd/SimdReduceGray3x3A.cpp">
			<Option virtualFolder="Alg/Avx/" />
		</Unit>
		<Unit filename="../../src/Simd/SimdReduceGray4x4.cpp">
			<Option virtualFolder="Alg/" />
		</Unit>
		<Unit filename="../../src/Simd/SimdReduceGray4x4.h">
			<Option virtualFolder="Alg/" />
		</Unit>
		<Unit filename="../../src/Simd/SimdReduceGray4x4A.cpp">
			<Option virtualFolder="Alg/Avx/" />
		</Unit>
		<Unit filename="../../src/Simd/SimdReduceGray5x5.cpp">
			<Option virtualFolder="Alg/" />
		</Unit>
		<Unit filename="../../src/Simd/SimdReduceGray5x5.h">
			<Option virtualFolder="Alg/" />
		</Unit>
		<Unit filename="../../src/Simd/SimdReduceGray5x5A.cpp">
			<Option virtualFolder="Alg/Avx/" />
		</Unit>
		<Unit filename="../../src/Simd/SimdResizeBilinear.cpp">
			<Option virtualFolder="Alg/" />
		</Unit>
		<Unit filename="../../src/Simd/SimdResizeBilinear.h">
			<Option virtualFolder="Alg/" />
		</Unit>
		<Unit filename="../../src/Simd/SimdResizeBilinearA.cpp">
			<Option virtualFolder="Alg/Avx/" />
		</Unit>
		<Unit filename="../../src/Simd/SimdSet.h">
			<Option virtualFolder="Sys/" />
		</Unit>
		<Unit filename="../../src/Simd/SimdShiftBilinear.cpp">
			<Option virtualFolder="Alg/" />
		</Unit>
		<Unit filename="../../src/Simd/SimdShiftBilinear.h">
			<Option virtualFolder="Alg/" />
		</Unit>
		<Unit filename="../../src/Simd/SimdShiftBilinearA.cpp">
			<Option virtualFolder="Alg/Avx/" />
		</Unit>
		<Unit filename="../../src/Simd/SimdSquaredDifferenceSum.cpp">
			<Option virtualFolder="Alg/" />
		</Unit>
		<Unit filename="../../src/Simd/SimdSquaredDifferenceSum.h">
			<Option virtualFolder="Alg/" />
		</Unit>
		<Unit filename="../../src/Simd/SimdSquaredDifferenceSumA.cpp">
			<Option virtualFolder="Alg/Avx/" />
		</Unit>
		<Unit filename="../../src/Simd/SimdSse2.h">
			<Option virtualFolder="Sse2/" />
		</Unit>
		<Unit filename="../../src/Simd/SimdSse2AbsDifferenceSum.cpp">
			<Option virtualFolder="Sse2/" />
		</Unit>
		<Unit filename="../../src/Simd/SimdSse2AbsGradientSaturatedSum.cpp">
			<Option virtualFolder="Sse2/" />
		</Unit>
		<Unit filename="../../src/Simd/SimdSse2AddFeatureDifference.cpp">
			<Option virtualFolder="Sse2/" />
		</Unit>
		<Unit filename="../../src/Simd/SimdSse2Background.cpp">
			<Option virtualFolder="Sse2/" />
		</Unit>
		<Unit filename="../../src/Simd/SimdStatistic.cpp">
			<Option virtualFolder="Alg/" />
		</Unit>
		<Unit filename="../../src/Simd/SimdStatistic.h">
			<Option virtualFolder="Alg/" />
		</Unit>
		<Unit filename="../../src/Simd/SimdStatisticA.cpp">
			<Option virtualFolder="Alg/Avx/" />
		</Unit>
		<Unit filename="../../src/Simd/SimdStore.h">
			<Option virtualFolder="Sys/" />
		</Unit>
		<Unit filename="../../src/Simd/SimdStretchGray2x2.cpp">
			<Option virtualFolder="Alg/" />
		</Unit>
		<Unit filename="../../src/Simd/SimdStretchGray2x2.h">
			<Option virtualFolder="Alg/" />
		</Unit>
		<Unit filename="../../src/Simd/SimdStretchGray2x2A.cpp">
			<Option virtualFolder="Alg/Avx/" />
		</Unit>
		<Unit filename="../../src/Simd/SimdTexture.cpp">
			<Option virtualFolder="Alg/" />
		</Unit>
		<Unit filename="../../src/Simd/SimdTexture.h">
			<Option virtualFolder="Alg/" />
		</Unit>
		<Unit filename="../../src/Simd/SimdTextureA.cpp">
			<Option virtualFolder="Alg/Avx/" />
		</Unit>
		<Unit filename="../../src/Simd/SimdTypes.h">
			<Option virtualFolder="Sys/" />
		</Unit>
		<Unit filename="../../src/Simd/SimdUtils.h">
			<Option virtualFolder="Utils/" />
		</Unit>
		<Unit filename="../../src/Simd/SimdVersion.h">
			<Option virtualFolder="Sys/" />
		</Unit>
		<Unit filename="../../src/Simd/SimdView.h">
			<Option virtualFolder="Utils/" />
		</Unit>
		<Unit filename="../../src/Simd/SimdYuvToBgr.cpp">
			<Option virtualFolder="Alg/" />
		</Unit>
		<Unit filename="../../src/Simd/SimdYuvToBgr.h">
			<Option virtualFolder="Alg/" />
		</Unit>
		<Unit filename="../../src/Simd/SimdYuvToBgra.cpp">
			<Option virtualFolder="Alg/" />
		</Unit>
		<Unit filename="../../src/Simd/SimdYuvToBgra.h">
			<Option virtualFolder="Alg/" />
		</Unit>
		<Unit filename="../../src/Simd/SimdYuvToBgraA.cpp">
			<Option virtualFolder="Alg/Avx/" />
		</Unit>
		<Unit filename="../../src/Simd/SimdYuvToHue.cpp">
			<Option virtualFolder="Alg/" />
		</Unit>
		<Unit filename="../../src/Simd/SimdYuvToHue.h">
			<Option virtualFolder="Alg/" />
		</Unit>
		<Unit filename="../../src/Simd/SimdYuvToHueA.cpp">
			<Option virtualFolder="Alg/Avx/" />
		</Unit>
		<Extensions>
			<code_completion />
			<envvars />
			<debugger />
			<lib_finder disable_auto="1" />
		</Extensions>
	</Project>
</CodeBlocks_project_file>
