<?xml version="1.0" encoding="utf-8"?>
<Project ToolsVersion="4.0" xmlns="http://schemas.microsoft.com/developer/msbuild/2003">
  <ItemGroup>
    <Filter Include="Sve2">
      <UniqueIdentifier>{1d98d89d-b691-4088-8c6a-66d1d3d14a66}</UniqueIdentifier>
    </Filter>
    <Filter Include="Sve2\System">
      <UniqueIdentifier>{92fef3f2-327b-4e9b-b4bc-afafe69cdc64}</UniqueIdentifier>
    </Filter>
    <Filter Include="Sve2\Convert">
      <UniqueIdentifier>{00e352e2-9b4f-40b0-a46c-898ab11edb22}</UniqueIdentifier>
    </Filter>
    <Filter Include="Sve2\Statistics">
      <UniqueIdentifier>{2fe504bb-0b49-4b3a-ab9d-56d8f04314c3}</UniqueIdentifier>
    </Filter>
    <Filter Include="Sve2\Math">
      <UniqueIdentifier>{20effda6-54db-458e-893a-7d219e5ec991}</UniqueIdentifier>
    </Filter>
    <Filter Include="Sve2\Motion">
      <UniqueIdentifier>{c7b7a0a0-3931-46d4-b726-c78f5257c775}</UniqueIdentifier>
    </Filter>
    <Filter Include="Sve2\Transform">
      <UniqueIdentifier>{1e141a04-6825-47f3-adbe-0a26c1e8ff5a}</UniqueIdentifier>
    </Filter>
  </ItemGroup>
  <ItemGroup>
    <ClInclude Include="..\..\src\Simd\SimdSve2.h">
      <Filter>Sve2</Filter>
    </ClInclude>
  </ItemGroup>
  <ItemGroup>
    <ClCompile Include="..\..\src\Simd\SimdSve2AddFeatureDifference.cpp">
      <Filter>Sve2\Motion</Filter>
    </ClCompile>
    <ClCompile Include="..\..\src\Simd\SimdSve2AlphaBlending.cpp">
      <Filter>Sve2\Motion</Filter>
    </ClCompile>
    <ClCompile Include="..\..\src\Simd\SimdSve2Background.cpp">
      <Filter>Sve2\Motion</Filter>
    </ClCompile>
    <ClCompile Include="..\..\src\Simd\SimdSve2Cpu.cpp">
      <Filter>Sve2\System</Filter>
    </ClCompile>
    <ClCompile Include="..\..\src\Simd\SimdSve2BgrToGray.cpp">
      <Filter>Sve2\Convert</Filter>
    </ClCompile>
    <ClCompile Include="..\..\src\Simd\SimdSve2BgrToBgra.cpp">
      <Filter>Sve2\Convert</Filter>
    </ClCompile>
    <ClCompile Include="..\..\src\Simd\SimdSve2BgrToHsl.cpp">
      <Filter>Sve2\Convert</Filter>
    </ClCompile>
    <ClCompile Include="..\..\src\Simd\SimdSve2BgrToHsv.cpp">
      <Filter>Sve2\Convert</Filter>
    </ClCompile>
    <ClCompile Include="..\..\src\Simd\SimdSve2BgrToLab.cpp">
      <Filter>Sve2\Convert</Filter>
    </ClCompile>
    <ClCompile Include="..\..\src\Simd\SimdSve2BayerToBgr.cpp">
      <Filter>Sve2\Convert</Filter>
    </ClCompile>
    <ClCompile Include="..\..\src\Simd\SimdSve2BgraToBgr.cpp">
      <Filter>Sve2\Convert</Filter>
    </ClCompile>
    <ClCompile Include="..\..\src\Simd\SimdSve2BgraToBayer.cpp">
      <Filter>Sve2\Convert</Filter>
    </ClCompile>
    <ClCompile Include="..\..\src\Simd\SimdSve2BgrToBayer.cpp">
      <Filter>Sve2\Convert</Filter>
    </ClCompile>
    <ClCompile Include="..\..\src\Simd\SimdSve2BgraToGray.cpp">
      <Filter>Sve2\Convert</Filter>
    </ClCompile>
    <ClCompile Include="..\..\src\Simd\SimdSve2Statistic.cpp">
      <Filter>Sve2\Statistics</Filter>
    </ClCompile>
    <ClCompile Include="..\..\src\Simd\SimdSve2Conditional.cpp">
      <Filter>Sve2\Math</Filter>
    </ClCompile>
    <ClCompile Include="..\..\src\Simd\SimdSve2Reorder.cpp">
      <Filter>Sve2\Transform</Filter>
    </ClCompile>
  </ItemGroup>
</Project>